
Microsoft Visual Studio Solution File, Format Version 12.00
# Visual Studio Version 16
VisualStudioVersion = 16.0.30503.244
MinimumVisualStudioVersion = 10.0.40219.1
Project("{9A19103F-16F7-4668-BE54-9A1E7A4F7556}") = "LeetCode", "LeetCode\LeetCode.csproj", "{43478775-6376-49C5-B9F0-A5780CE96FF1}"
EndProject
Project("{9A19103F-16F7-4668-BE54-9A1E7A4F7556}") = "LeetCode_Tests", "LeetCode_Tests\LeetCode_Tests.csproj", "{2C56500F-4289-4EF5-9C52-E432F1BB142C}"
EndProject
Project("{9A19103F-16F7-4668-BE54-9A1E7A4F7556}") = "Base_Generics", "Base_Generics\Base_Generics.csproj", "{5BE55C8B-2303-46D7-8B1E-B53CEC1BD7A2}"
EndProject
Project("{9A19103F-16F7-4668-BE54-9A1E7A4F7556}") = "DSA_Wengrow", "DSA_Wengrow\DSA_Wengrow.csproj", "{DEEC6C54-33E1-408F-95C1-5992C9B18164}"
EndProject
Project("{9A19103F-16F7-4668-BE54-9A1E7A4F7556}") = "DSA_Wengrow_Tests", "DSA_Wengrow_Tests\DSA_Wengrow_Tests.csproj", "{7C10DFBC-470F-43D6-8D5E-6A9BCC10D6B7}"
EndProject
Global
	GlobalSection(SolutionConfigurationPlatforms) = preSolution
		Debug|Any CPU = Debug|Any CPU
		Release|Any CPU = Release|Any CPU
	EndGlobalSection
	GlobalSection(ProjectConfigurationPlatforms) = postSolution
		{43478775-6376-49C5-B9F0-A5780CE96FF1}.Debug|Any CPU.ActiveCfg = Debug|Any CPU
		{43478775-6376-49C5-B9F0-A5780CE96FF1}.Debug|Any CPU.Build.0 = Debug|Any CPU
		{43478775-6376-49C5-B9F0-A5780CE96FF1}.Release|Any CPU.ActiveCfg = Release|Any CPU
		{43478775-6376-49C5-B9F0-A5780CE96FF1}.Release|Any CPU.Build.0 = Release|Any CPU
		{2C56500F-4289-4EF5-9C52-E432F1BB142C}.Debug|Any CPU.ActiveCfg = Debug|Any CPU
		{2C56500F-4289-4EF5-9C52-E432F1BB142C}.Debug|Any CPU.Build.0 = Debug|Any CPU
		{2C56500F-4289-4EF5-9C52-E432F1BB142C}.Release|Any CPU.ActiveCfg = Release|Any CPU
		{2C56500F-4289-4EF5-9C52-E432F1BB142C}.Release|Any CPU.Build.0 = Release|Any CPU
		{5BE55C8B-2303-46D7-8B1E-B53CEC1BD7A2}.Debug|Any CPU.ActiveCfg = Debug|Any CPU
		{5BE55C8B-2303-46D7-8B1E-B53CEC1BD7A2}.Debug|Any CPU.Build.0 = Debug|Any CPU
		{5BE55C8B-2303-46D7-8B1E-B53CEC1BD7A2}.Release|Any CPU.ActiveCfg = Release|Any CPU
		{5BE55C8B-2303-46D7-8B1E-B53CEC1BD7A2}.Release|Any CPU.Build.0 = Release|Any CPU
		{DEEC6C54-33E1-408F-95C1-5992C9B18164}.Debug|Any CPU.ActiveCfg = Debug|Any CPU
		{DEEC6C54-33E1-408F-95C1-5992C9B18164}.Debug|Any CPU.Build.0 = Debug|Any CPU
		{DEEC6C54-33E1-408F-95C1-5992C9B18164}.Release|Any CPU.ActiveCfg = Release|Any CPU
		{DEEC6C54-33E1-408F-95C1-5992C9B18164}.Release|Any CPU.Build.0 = Release|Any CPU
		{7C10DFBC-470F-43D6-8D5E-6A9BCC10D6B7}.Debug|Any CPU.ActiveCfg = Debug|Any CPU
		{7C10DFBC-470F-43D6-8D5E-6A9BCC10D6B7}.Debug|Any CPU.Build.0 = Debug|Any CPU
		{7C10DFBC-470F-43D6-8D5E-6A9BCC10D6B7}.Release|Any CPU.ActiveCfg = Release|Any CPU
		{7C10DFBC-470F-43D6-8D5E-6A9BCC10D6B7}.Release|Any CPU.Build.0 = Release|Any CPU
	EndGlobalSection
	GlobalSection(SolutionProperties) = preSolution
		HideSolutionNode = FALSE
	EndGlobalSection
	GlobalSection(ExtensibilityGlobals) = postSolution
		SolutionGuid = {7A706FBA-408A-4CE5-AECC-5169B8246982}
	EndGlobalSection
EndGlobal
